// !$*UTF8*$!
{
	archiveVersion = 1;
	classes = {
	};
	objectVersion = 56;
	objects = {

/* Begin PBXBuildFile section */
		932FA94129C40925004E28AC /* StartScreenView.swift in Sources */ = {isa = PBXBuildFile; fileRef = 932FA94029C40925004E28AC /* StartScreenView.swift */; };
		932FA94629C41049004E28AC /* LoginModel.swift in Sources */ = {isa = PBXBuildFile; fileRef = 932FA94529C41049004E28AC /* LoginModel.swift */; };
		937DD64829C3FF860042BC4B /* clustApp.swift in Sources */ = {isa = PBXBuildFile; fileRef = 937DD64729C3FF860042BC4B /* clustApp.swift */; };
		937DD64A29C3FF860042BC4B /* ContentView.swift in Sources */ = {isa = PBXBuildFile; fileRef = 937DD64929C3FF860042BC4B /* ContentView.swift */; };
		937DD64C29C3FF880042BC4B /* Assets.xcassets in Resources */ = {isa = PBXBuildFile; fileRef = 937DD64B29C3FF880042BC4B /* Assets.xcassets */; };
		937DD64F29C3FF880042BC4B /* Preview Assets.xcassets in Resources */ = {isa = PBXBuildFile; fileRef = 937DD64E29C3FF880042BC4B /* Preview Assets.xcassets */; };
/* End PBXBuildFile section */

/* Begin PBXFileReference section */
		932FA94029C40925004E28AC /* StartScreenView.swift */ = {isa = PBXFileReference; lastKnownFileType = sourcecode.swift; path = StartScreenView.swift; sourceTree = "<group>"; };
		932FA94529C41049004E28AC /* LoginModel.swift */ = {isa = PBXFileReference; lastKnownFileType = sourcecode.swift; path = LoginModel.swift; sourceTree = "<group>"; };
		932FA94729C4190F004E28AC /* clust.entitlements */ = {isa = PBXFileReference; lastKnownFileType = text.plist.entitlements; path = clust.entitlements; sourceTree = "<group>"; };
		932FA94829C41E62004E28AC /* Info.plist */ = {isa = PBXFileReference; lastKnownFileType = text.plist; path = Info.plist; sourceTree = "<group>"; };
		937DD64429C3FF860042BC4B /* clust.app */ = {isa = PBXFileReference; explicitFileType = wrapper.application; includeInIndex = 0; path = clust.app; sourceTree = BUILT_PRODUCTS_DIR; };
		937DD64729C3FF860042BC4B /* clustApp.swift */ = {isa = PBXFileReference; lastKnownFileType = sourcecode.swift; path = clustApp.swift; sourceTree = "<group>"; };
		937DD64929C3FF860042BC4B /* ContentView.swift */ = {isa = PBXFileReference; lastKnownFileType = sourcecode.swift; path = ContentView.swift; sourceTree = "<group>"; };
		937DD64B29C3FF880042BC4B /* Assets.xcassets */ = {isa = PBXFileReference; lastKnownFileType = folder.assetcatalog; path = Assets.xcassets; sourceTree = "<group>"; };
		937DD64E29C3FF880042BC4B /* Preview Assets.xcassets */ = {isa = PBXFileReference; lastKnownFileType = folder.assetcatalog; path = "Preview Assets.xcassets"; sourceTree = "<group>"; };
/* End PBXFileReference section */

/* Begin PBXFrameworksBuildPhase section */
		937DD64129C3FF860042BC4B /* Frameworks */ = {
			isa = PBXFrameworksBuildPhase;
			buildActionMask = 2147483647;
			files = (
			);
			runOnlyForDeploymentPostprocessing = 0;
		};
/* End PBXFrameworksBuildPhase section */

/* Begin PBXGroup section */
		932FA93D29C4002E004E28AC /* Model */ = {
			isa = PBXGroup;
			children = (
				932FA94529C41049004E28AC /* LoginModel.swift */,
			);
			path = Model;
			sourceTree = "<group>";
		};
		932FA93E29C40036004E28AC /* View Model */ = {
			isa = PBXGroup;
			children = (
			);
			path = "View Model";
			sourceTree = "<group>";
		};
		932FA93F29C4003A004E28AC /* View */ = {
			isa = PBXGroup;
			children = (
				937DD64929C3FF860042BC4B /* ContentView.swift */,
				932FA94029C40925004E28AC /* StartScreenView.swift */,
			);
			path = View;
			sourceTree = "<group>";
		};
		937DD63B29C3FF860042BC4B = {
			isa = PBXGroup;
			children = (
				937DD64629C3FF860042BC4B /* clust */,
				937DD64529C3FF860042BC4B /* Products */,
			);
			sourceTree = "<group>";
		};
		937DD64529C3FF860042BC4B /* Products */ = {
			isa = PBXGroup;
			children = (
				937DD64429C3FF860042BC4B /* clust.app */,
			);
			name = Products;
			sourceTree = "<group>";
		};
		937DD64629C3FF860042BC4B /* clust */ = {
			isa = PBXGroup;
			children = (
				932FA94829C41E62004E28AC /* Info.plist */,
				932FA94729C4190F004E28AC /* clust.entitlements */,
				932FA93F29C4003A004E28AC /* View */,
				932FA93E29C40036004E28AC /* View Model */,
				932FA93D29C4002E004E28AC /* Model */,
				937DD64729C3FF860042BC4B /* clustApp.swift */,
				937DD64B29C3FF880042BC4B /* Assets.xcassets */,
				937DD64D29C3FF880042BC4B /* Preview Content */,
			);
			path = clust;
			sourceTree = "<group>";
		};
		937DD64D29C3FF880042BC4B /* Preview Content */ = {
			isa = PBXGroup;
			children = (
				937DD64E29C3FF880042BC4B /* Preview Assets.xcassets */,
			);
			path = "Preview Content";
			sourceTree = "<group>";
		};
/* End PBXGroup section */

/* Begin PBXNativeTarget section */
		937DD64329C3FF860042BC4B /* clust */ = {
			isa = PBXNativeTarget;
			buildConfigurationList = 937DD65229C3FF880042BC4B /* Build configuration list for PBXNativeTarget "clust" */;
			buildPhases = (
				937DD64029C3FF860042BC4B /* Sources */,
				937DD64129C3FF860042BC4B /* Frameworks */,
				937DD64229C3FF860042BC4B /* Resources */,
			);
			buildRules = (
			);
			dependencies = (
			);
			name = clust;
			productName = clust;
			productReference = 937DD64429C3FF860042BC4B /* clust.app */;
			productType = "com.apple.product-type.application";
		};
/* End PBXNativeTarget section */

/* Begin PBXProject section */
		937DD63C29C3FF860042BC4B /* Project object */ = {
			isa = PBXProject;
			attributes = {
				BuildIndependentTargetsInParallel = 1;
				LastSwiftUpdateCheck = 1420;
				LastUpgradeCheck = 1420;
				TargetAttributes = {
					937DD64329C3FF860042BC4B = {
						CreatedOnToolsVersion = 14.2;
					};
				};
			};
			buildConfigurationList = 937DD63F29C3FF860042BC4B /* Build configuration list for PBXProject "clust" */;
			compatibilityVersion = "Xcode 14.0";
			developmentRegion = en;
			hasScannedForEncodings = 0;
			knownRegions = (
				en,
				Base,
			);
			mainGroup = 937DD63B29C3FF860042BC4B;
			productRefGroup = 937DD64529C3FF860042BC4B /* Products */;
			projectDirPath = "";
			projectRoot = "";
			targets = (
				937DD64329C3FF860042BC4B /* clust */,
			);
		};
/* End PBXProject section */

/* Begin PBXResourcesBuildPhase section */
		937DD64229C3FF860042BC4B /* Resources */ = {
			isa = PBXResourcesBuildPhase;
			buildActionMask = 2147483647;
			files = (
				937DD64F29C3FF880042BC4B /* Preview Assets.xcassets in Resources */,
				937DD64C29C3FF880042BC4B /* Assets.xcassets in Resources */,
			);
			runOnlyForDeploymentPostprocessing = 0;
		};
/* End PBXResourcesBuildPhase section */

/* Begin PBXSourcesBuildPhase section */
		937DD64029C3FF860042BC4B /* Sources */ = {
			isa = PBXSourcesBuildPhase;
			buildActionMask = 2147483647;
			files = (
				932FA94129C40925004E28AC /* StartScreenView.swift in Sources */,
				932FA94629C41049004E28AC /* LoginModel.swift in Sources */,
				937DD64A29C3FF860042BC4B /* ContentView.swift in Sources */,
				937DD64829C3FF860042BC4B /* clustApp.swift in Sources */,
			);
			runOnlyForDeploymentPostprocessing = 0;
		};
/* End PBXSourcesBuildPhase section */

/* Begin XCBuildConfiguration section */
		937DD65029C3FF880042BC4B /* Debug */ = {
			isa = XCBuildConfiguration;
			buildSettings = {
				ALWAYS_SEARCH_USER_PATHS = NO;
				CLANG_ANALYZER_NONNULL = YES;
				CLANG_ANALYZER_NUMBER_OBJECT_CONVERSION = YES_AGGRESSIVE;
				CLANG_CXX_LANGUAGE_STANDARD = "gnu++20";
				CLANG_ENABLE_MODULES = YES;
				CLANG_ENABLE_OBJC_ARC = YES;
				CLANG_ENABLE_OBJC_WEAK = YES;
				CLANG_WARN_BLOCK_CAPTURE_AUTORELEASING = YES;
				CLANG_WARN_BOOL_CONVERSION = YES;
				CLANG_WARN_COMMA = YES;
				CLANG_WARN_CONSTANT_CONVERSION = YES;
				CLANG_WARN_DEPRECATED_OBJC_IMPLEMENTATIONS = YES;
				CLANG_WARN_DIRECT_OBJC_ISA_USAGE = YES_ERROR;
				CLANG_WARN_DOCUMENTATION_COMMENTS = YES;
				CLANG_WARN_EMPTY_BODY = YES;
				CLANG_WARN_ENUM_CONVERSION = YES;
				CLANG_WARN_INFINITE_RECURSION = YES;
				CLANG_WARN_INT_CONVERSION = YES;
				CLANG_WARN_NON_LITERAL_NULL_CONVERSION = YES;
				CLANG_WARN_OBJC_IMPLICIT_RETAIN_SELF = YES;
				CLANG_WARN_OBJC_LITERAL_CONVERSION = YES;
				CLANG_WARN_OBJC_ROOT_CLASS = YES_ERROR;
				CLANG_WARN_QUOTED_INCLUDE_IN_FRAMEWORK_HEADER = YES;
				CLANG_WARN_RANGE_LOOP_ANALYSIS = YES;
				CLANG_WARN_STRICT_PROTOTYPES = YES;
				CLANG_WARN_SUSPICIOUS_MOVE = YES;
				CLANG_WARN_UNGUARDED_AVAILABILITY = YES_AGGRESSIVE;
				CLANG_WARN_UNREACHABLE_CODE = YES;
				CLANG_WARN__DUPLICATE_METHOD_MATCH = YES;
				COPY_PHASE_STRIP = NO;
				DEBUG_INFORMATION_FORMAT = dwarf;
				ENABLE_STRICT_OBJC_MSGSEND = YES;
				ENABLE_TESTABILITY = YES;
				GCC_C_LANGUAGE_STANDARD = gnu11;
				GCC_DYNAMIC_NO_PIC = NO;
				GCC_NO_COMMON_BLOCKS = YES;
				GCC_OPTIMIZATION_LEVEL = 0;
				GCC_PREPROCESSOR_DEFINITIONS = (
					"DEBUG=1",
					"$(inherited)",
				);
				GCC_WARN_64_TO_32_BIT_CONVERSION = YES;
				GCC_WARN_ABOUT_RETURN_TYPE = YES_ERROR;
				GCC_WARN_UNDECLARED_SELECTOR = YES;
				GCC_WARN_UNINITIALIZED_AUTOS = YES_AGGRESSIVE;
				GCC_WARN_UNUSED_FUNCTION = YES;
				GCC_WARN_UNUSED_VARIABLE = YES;
				IPHONEOS_DEPLOYMENT_TARGET = 16.2;
				MTL_ENABLE_DEBUG_INFO = INCLUDE_SOURCE;
				MTL_FAST_MATH = YES;
				ONLY_ACTIVE_ARCH = YES;
				SDKROOT = iphoneos;
				SWIFT_ACTIVE_COMPILATION_CONDITIONS = DEBUG;
				SWIFT_OPTIMIZATION_LEVEL = "-Onone";
			};
			name = Debug;
		};
		937DD65129C3FF880042BC4B /* Release */ = {
			isa = XCBuildConfiguration;
			buildSettings = {
				ALWAYS_SEARCH_USER_PATHS = NO;
				CLANG_ANALYZER_NONNULL = YES;
				CLANG_ANALYZER_NUMBER_OBJECT_CONVERSION = YES_AGGRESSIVE;
				CLANG_CXX_LANGUAGE_STANDARD = "gnu++20";
				CLANG_ENABLE_MODULES = YES;
				CLANG_ENABLE_OBJC_ARC = YES;
				CLANG_ENABLE_OBJC_WEAK = YES;
				CLANG_WARN_BLOCK_CAPTURE_AUTORELEASING = YES;
				CLANG_WARN_BOOL_CONVERSION = YES;
				CLANG_WARN_COMMA = YES;
				CLANG_WARN_CONSTANT_CONVERSION = YES;
				CLANG_WARN_DEPRECATED_OBJC_IMPLEMENTATIONS = YES;
				CLANG_WARN_DIRECT_OBJC_ISA_USAGE = YES_ERROR;
				CLANG_WARN_DOCUMENTATION_COMMENTS = YES;
				CLANG_WARN_EMPTY_BODY = YES;
				CLANG_WARN_ENUM_CONVERSION = YES;
				CLANG_WARN_INFINITE_RECURSION = YES;
				CLANG_WARN_INT_CONVERSION = YES;
				CLANG_WARN_NON_LITERAL_NULL_CONVERSION = YES;
				CLANG_WARN_OBJC_IMPLICIT_RETAIN_SELF = YES;
				CLANG_WARN_OBJC_LITERAL_CONVERSION = YES;
				CLANG_WARN_OBJC_ROOT_CLASS = YES_ERROR;
				CLANG_WARN_QUOTED_INCLUDE_IN_FRAMEWORK_HEADER = YES;
				CLANG_WARN_RANGE_LOOP_ANALYSIS = YES;
				CLANG_WARN_STRICT_PROTOTYPES = YES;
				CLANG_WARN_SUSPICIOUS_MOVE = YES;
				CLANG_WARN_UNGUARDED_AVAILABILITY = YES_AGGRESSIVE;
				CLANG_WARN_UNREACHABLE_CODE = YES;
				CLANG_WARN__DUPLICATE_METHOD_MATCH = YES;
				COPY_PHASE_STRIP = NO;
				DEBUG_INFORMATION_FORMAT = "dwarf-with-dsym";
				ENABLE_NS_ASSERTIONS = NO;
				ENABLE_STRICT_OBJC_MSGSEND = YES;
				GCC_C_LANGUAGE_STANDARD = gnu11;
				GCC_NO_COMMON_BLOCKS = YES;
				GCC_WARN_64_TO_32_BIT_CONVERSION = YES;
				GCC_WARN_ABOUT_RETURN_TYPE = YES_ERROR;
				GCC_WARN_UNDECLARED_SELECTOR = YES;
				GCC_WARN_UNINITIALIZED_AUTOS = YES_AGGRESSIVE;
				GCC_WARN_UNUSED_FUNCTION = YES;
				GCC_WARN_UNUSED_VARIABLE = YES;
				IPHONEOS_DEPLOYMENT_TARGET = 16.2;
				MTL_ENABLE_DEBUG_INFO = NO;
				MTL_FAST_MATH = YES;
				SDKROOT = iphoneos;
				SWIFT_COMPILATION_MODE = wholemodule;
				SWIFT_OPTIMIZATION_LEVEL = "-O";
				VALIDATE_PRODUCT = YES;
			};
			name = Release;
		};
		937DD65329C3FF880042BC4B /* Debug */ = {
			isa = XCBuildConfiguration;
			buildSettings = {
				ASSETCATALOG_COMPILER_APPICON_NAME = AppIcon;
				ASSETCATALOG_COMPILER_GLOBAL_ACCENT_COLOR_NAME = AccentColor;
				CODE_SIGN_ENTITLEMENTS = clust/clust.entitlements;
				CODE_SIGN_STYLE = Automatic;
				CURRENT_PROJECT_VERSION = 1;
				DEVELOPMENT_ASSET_PATHS = "\"clust/Preview Content\"";
				ENABLE_PREVIEWS = YES;
				GENERATE_INFOPLIST_FILE = YES;
				INFOPLIST_FILE = clust/Info.plist;
				INFOPLIST_KEY_UIApplicationSupportsIndirectInputEvents = YES;
				INFOPLIST_KEY_UILaunchScreen_Generation = YES;
				INFOPLIST_KEY_UISupportedInterfaceOrientations_iPad = "UIInterfaceOrientationPortrait UIInterfaceOrientationPortraitUpsideDown UIInterfaceOrientationLandscapeLeft UIInterfaceOrientationLandscapeRight";
				INFOPLIST_KEY_UISupportedInterfaceOrientations_iPhone = "UIInterfaceOrientationPortrait UIInterfaceOrientationLandscapeLeft UIInterfaceOrientationLandscapeRight";
				LD_RUNPATH_SEARCH_PATHS = (
					"$(inherited)",
					"@executable_path/Frameworks",
				);
				MARKETING_VERSION = 1.0;
				PRODUCT_BUNDLE_IDENTIFIER = com.pear.clust;
				PRODUCT_NAME = "$(TARGET_NAME)";
				SWIFT_EMIT_LOC_STRINGS = YES;
				SWIFT_VERSION = 5.0;
				TARGETED_DEVICE_FAMILY = "1,2";
			};
			name = Debug;
		};
		937DD65429C3FF880042BC4B /* Release */ = {
			isa = XCBuildConfiguration;
			buildSettings = {
				ASSETCATALOG_COMPILER_APPICON_NAME = AppIcon;
				ASSETCATALOG_COMPILER_GLOBAL_ACCENT_COLOR_NAME = AccentColor;
				CODE_SIGN_ENTITLEMENTS = clust/clust.entitlements;
				CODE_SIGN_STYLE = Automatic;
				CURRENT_PROJECT_VERSION = 1;
				DEVELOPMENT_ASSET_PATHS = "\"clust/Preview Content\"";
				ENABLE_PREVIEWS = YES;
				GENERATE_INFOPLIST_FILE = YES;
				INFOPLIST_FILE = clust/Info.plist;
				INFOPLIST_KEY_UIApplicationSupportsIndirectInputEvents = YES;
				INFOPLIST_KEY_UILaunchScreen_Generation = YES;
				INFOPLIST_KEY_UISupportedInterfaceOrientations_iPad = "UIInterfaceOrientationPortrait UIInterfaceOrientationPortraitUpsideDown UIInterfaceOrientationLandscapeLeft UIInterfaceOrientationLandscapeRight";
				INFOPLIST_KEY_UISupportedInterfaceOrientations_iPhone = "UIInterfaceOrientationPortrait UIInterfaceOrientationLandscapeLeft UIInterfaceOrientationLandscapeRight";
				LD_RUNPATH_SEARCH_PATHS = (
					"$(inherited)",
					"@executable_path/Frameworks",
				);
				MARKETING_VERSION = 1.0;
				PRODUCT_BUNDLE_IDENTIFIER = com.pear.clust;
				PRODUCT_NAME = "$(TARGET_NAME)";
				SWIFT_EMIT_LOC_STRINGS = YES;
				SWIFT_VERSION = 5.0;
				TARGETED_DEVICE_FAMILY = "1,2";
			};
			name = Release;
		};
/* End XCBuildConfiguration section */

/* Begin XCConfigurationList section */
		937DD63F29C3FF860042BC4B /* Build configuration list for PBXProject "clust" */ = {
			isa = XCConfigurationList;
			buildConfigurations = (
				937DD65029C3FF880042BC4B /* Debug */,
				937DD65129C3FF880042BC4B /* Release */,
			);
			defaultConfigurationIsVisible = 0;
			defaultConfigurationName = Release;
		};
		937DD65229C3FF880042BC4B /* Build configuration list for PBXNativeTarget "clust" */ = {
			isa = XCConfigurationList;
			buildConfigurations = (
				937DD65329C3FF880042BC4B /* Debug */,
				937DD65429C3FF880042BC4B /* Release */,
			);
			defaultConfigurationIsVisible = 0;
			defaultConfigurationName = Release;
		};
/* End XCConfigurationList section */
	};
	rootObject = 937DD63C29C3FF860042BC4B /* Project object */;
}
